// !$*UTF8*$!
{
	archiveVersion = 1;
	classes = {
	};
	objectVersion = 56;
	objects = {

/* Begin PBXBuildFile section */
		183681B22969B44C0071305D /* AppDelegate.swift in Sources */ = {isa = PBXBuildFile; fileRef = 183681B12969B44C0071305D /* AppDelegate.swift */; };
		183681B42969B44C0071305D /* SceneDelegate.swift in Sources */ = {isa = PBXBuildFile; fileRef = 183681B32969B44C0071305D /* SceneDelegate.swift */; };
		183681B62969B44C0071305D /* ListAndroidVersionController.swift in Sources */ = {isa = PBXBuildFile; fileRef = 183681B52969B44C0071305D /* ListAndroidVersionController.swift */; };
		183681BB2969B44D0071305D /* Assets.xcassets in Resources */ = {isa = PBXBuildFile; fileRef = 183681BA2969B44D0071305D /* Assets.xcassets */; };
		183681BE2969B44D0071305D /* LaunchScreen.storyboard in Resources */ = {isa = PBXBuildFile; fileRef = 183681BC2969B44D0071305D /* LaunchScreen.storyboard */; };
		183681C62969B4E00071305D /* AndroidVersionModel.swift in Sources */ = {isa = PBXBuildFile; fileRef = 183681C52969B4E00071305D /* AndroidVersionModel.swift */; };
		183681C8296A7FF60071305D /* AndroidVersionCell.swift in Sources */ = {isa = PBXBuildFile; fileRef = 183681C7296A7FF60071305D /* AndroidVersionCell.swift */; };
		183681CA296A964E0071305D /* AboutViewController.swift in Sources */ = {isa = PBXBuildFile; fileRef = 183681C9296A964E0071305D /* AboutViewController.swift */; };
		183681CC296A967B0071305D /* DetailAndroidVersionViewController.swift in Sources */ = {isa = PBXBuildFile; fileRef = 183681CB296A967B0071305D /* DetailAndroidVersionViewController.swift */; };
/* End PBXBuildFile section */

/* Begin PBXFileReference section */
		183681AE2969B44C0071305D /* AndroidVersionApp.app */ = {isa = PBXFileReference; explicitFileType = wrapper.application; includeInIndex = 0; path = AndroidVersionApp.app; sourceTree = BUILT_PRODUCTS_DIR; };
		183681B12969B44C0071305D /* AppDelegate.swift */ = {isa = PBXFileReference; lastKnownFileType = sourcecode.swift; path = AppDelegate.swift; sourceTree = "<group>"; };
		183681B32969B44C0071305D /* SceneDelegate.swift */ = {isa = PBXFileReference; lastKnownFileType = sourcecode.swift; path = SceneDelegate.swift; sourceTree = "<group>"; };
		183681B52969B44C0071305D /* ListAndroidVersionController.swift */ = {isa = PBXFileReference; lastKnownFileType = sourcecode.swift; path = ListAndroidVersionController.swift; sourceTree = "<group>"; };
		183681BA2969B44D0071305D /* Assets.xcassets */ = {isa = PBXFileReference; lastKnownFileType = folder.assetcatalog; path = Assets.xcassets; sourceTree = "<group>"; };
		183681BD2969B44D0071305D /* Base */ = {isa = PBXFileReference; lastKnownFileType = file.storyboard; name = Base; path = Base.lproj/LaunchScreen.storyboard; sourceTree = "<group>"; };
		183681BF2969B44D0071305D /* Info.plist */ = {isa = PBXFileReference; lastKnownFileType = text.plist.xml; path = Info.plist; sourceTree = "<group>"; };
		183681C52969B4E00071305D /* AndroidVersionModel.swift */ = {isa = PBXFileReference; lastKnownFileType = sourcecode.swift; path = AndroidVersionModel.swift; sourceTree = "<group>"; };
		183681C7296A7FF60071305D /* AndroidVersionCell.swift */ = {isa = PBXFileReference; lastKnownFileType = sourcecode.swift; path = AndroidVersionCell.swift; sourceTree = "<group>"; };
		183681C9296A964E0071305D /* AboutViewController.swift */ = {isa = PBXFileReference; lastKnownFileType = sourcecode.swift; path = AboutViewController.swift; sourceTree = "<group>"; };
		183681CB296A967B0071305D /* DetailAndroidVersionViewController.swift */ = {isa = PBXFileReference; lastKnownFileType = sourcecode.swift; path = DetailAndroidVersionViewController.swift; sourceTree = "<group>"; };
/* End PBXFileReference section */

/* Begin PBXFrameworksBuildPhase section */
		183681AB2969B44C0071305D /* Frameworks */ = {
			isa = PBXFrameworksBuildPhase;
			buildActionMask = 2147483647;
			files = (
			);
			runOnlyForDeploymentPostprocessing = 0;
		};
/* End PBXFrameworksBuildPhase section */

/* Begin PBXGroup section */
		183681A52969B44C0071305D = {
			isa = PBXGroup;
			children = (
				183681B02969B44C0071305D /* AndroidVersionApp */,
				183681AF2969B44C0071305D /* Products */,
			);
			sourceTree = "<group>";
		};
		183681AF2969B44C0071305D /* Products */ = {
			isa = PBXGroup;
			children = (
				183681AE2969B44C0071305D /* AndroidVersionApp.app */,
			);
			name = Products;
			sourceTree = "<group>";
		};
		183681B02969B44C0071305D /* AndroidVersionApp */ = {
			isa = PBXGroup;
			children = (
				183681B12969B44C0071305D /* AppDelegate.swift */,
				183681B32969B44C0071305D /* SceneDelegate.swift */,
				183681B52969B44C0071305D /* ListAndroidVersionController.swift */,
				183681BA2969B44D0071305D /* Assets.xcassets */,
				183681BC2969B44D0071305D /* LaunchScreen.storyboard */,
				183681BF2969B44D0071305D /* Info.plist */,
				183681C52969B4E00071305D /* AndroidVersionModel.swift */,
				183681C7296A7FF60071305D /* AndroidVersionCell.swift */,
				183681C9296A964E0071305D /* AboutViewController.swift */,
				183681CB296A967B0071305D /* DetailAndroidVersionViewController.swift */,
			);
			path = AndroidVersionApp;
			sourceTree = "<group>";
		};
/* End PBXGroup section */

/* Begin PBXNativeTarget section */
		183681AD2969B44C0071305D /* AndroidVersionApp */ = {
			isa = PBXNativeTarget;
			buildConfigurationList = 183681C22969B44D0071305D /* Build configuration list for PBXNativeTarget "AndroidVersionApp" */;
			buildPhases = (
				183681AA2969B44C0071305D /* Sources */,
				183681AB2969B44C0071305D /* Frameworks */,
				183681AC2969B44C0071305D /* Resources */,
			);
			buildRules = (
			);
			dependencies = (
			);
			name = AndroidVersionApp;
			productName = AndroidVersionApp;
			productReference = 183681AE2969B44C0071305D /* AndroidVersionApp.app */;
			productType = "com.apple.product-type.application";
		};
/* End PBXNativeTarget section */

/* Begin PBXProject section */
		183681A62969B44C0071305D /* Project object */ = {
			isa = PBXProject;
			attributes = {
				BuildIndependentTargetsInParallel = 1;
				LastSwiftUpdateCheck = 1420;
				LastUpgradeCheck = 1420;
				TargetAttributes = {
					183681AD2969B44C0071305D = {
						CreatedOnToolsVersion = 14.2;
					};
				};
			};
			buildConfigurationList = 183681A92969B44C0071305D /* Build configuration list for PBXProject "AndroidVersionApp" */;
			compatibilityVersion = "Xcode 14.0";
			developmentRegion = en;
			hasScannedForEncodings = 0;
			knownRegions = (
				en,
				Base,
			);
			mainGroup = 183681A52969B44C0071305D;
			productRefGroup = 183681AF2969B44C0071305D /* Products */;
			projectDirPath = "";
			projectRoot = "";
			targets = (
				183681AD2969B44C0071305D /* AndroidVersionApp */,
			);
		};
/* End PBXProject section */

/* Begin PBXResourcesBuildPhase section */
		183681AC2969B44C0071305D /* Resources */ = {
			isa = PBXResourcesBuildPhase;
			buildActionMask = 2147483647;
			files = (
				183681BE2969B44D0071305D /* LaunchScreen.storyboard in Resources */,
				183681BB2969B44D0071305D /* Assets.xcassets in Resources */,
			);
			runOnlyForDeploymentPostprocessing = 0;
		};
/* End PBXResourcesBuildPhase section */

/* Begin PBXSourcesBuildPhase section */
		183681AA2969B44C0071305D /* Sources */ = {
			isa = PBXSourcesBuildPhase;
			buildActionMask = 2147483647;
			files = (
				183681CA296A964E0071305D /* AboutViewController.swift in Sources */,
				183681CC296A967B0071305D /* DetailAndroidVersionViewController.swift in Sources */,
				183681C8296A7FF60071305D /* AndroidVersionCell.swift in Sources */,
				183681C62969B4E00071305D /* AndroidVersionModel.swift in Sources */,
				183681B62969B44C0071305D /* ListAndroidVersionController.swift in Sources */,
				183681B22969B44C0071305D /* AppDelegate.swift in Sources */,
				183681B42969B44C0071305D /* SceneDelegate.swift in Sources */,
			);
			runOnlyForDeploymentPostprocessing = 0;
		};
/* End PBXSourcesBuildPhase section */

/* Begin PBXVariantGroup section */
		183681BC2969B44D0071305D /* LaunchScreen.storyboard */ = {
			isa = PBXVariantGroup;
			children = (
				183681BD2969B44D0071305D /* Base */,
			);
			name = LaunchScreen.storyboard;
			sourceTree = "<group>";
		};
/* End PBXVariantGroup section */

/* Begin XCBuildConfiguration section */
		183681C02969B44D0071305D /* Debug */ = {
			isa = XCBuildConfiguration;
			buildSettings = {
				ALWAYS_SEARCH_USER_PATHS = NO;
				CLANG_ANALYZER_NONNULL = YES;
				CLANG_ANALYZER_NUMBER_OBJECT_CONVERSION = YES_AGGRESSIVE;
				CLANG_CXX_LANGUAGE_STANDARD = "gnu++20";
				CLANG_ENABLE_MODULES = YES;
				CLANG_ENABLE_OBJC_ARC = YES;
				CLANG_ENABLE_OBJC_WEAK = YES;
				CLANG_WARN_BLOCK_CAPTURE_AUTORELEASING = YES;
				CLANG_WARN_BOOL_CONVERSION = YES;
				CLANG_WARN_COMMA = YES;
				CLANG_WARN_CONSTANT_CONVERSION = YES;
				CLANG_WARN_DEPRECATED_OBJC_IMPLEMENTATIONS = YES;
				CLANG_WARN_DIRECT_OBJC_ISA_USAGE = YES_ERROR;
				CLANG_WARN_DOCUMENTATION_COMMENTS = YES;
				CLANG_WARN_EMPTY_BODY = YES;
				CLANG_WARN_ENUM_CONVERSION = YES;
				CLANG_WARN_INFINITE_RECURSION = YES;
				CLANG_WARN_INT_CONVERSION = YES;
				CLANG_WARN_NON_LITERAL_NULL_CONVERSION = YES;
				CLANG_WARN_OBJC_IMPLICIT_RETAIN_SELF = YES;
				CLANG_WARN_OBJC_LITERAL_CONVERSION = YES;
				CLANG_WARN_OBJC_ROOT_CLASS = YES_ERROR;
				CLANG_WARN_QUOTED_INCLUDE_IN_FRAMEWORK_HEADER = YES;
				CLANG_WARN_RANGE_LOOP_ANALYSIS = YES;
				CLANG_WARN_STRICT_PROTOTYPES = YES;
				CLANG_WARN_SUSPICIOUS_MOVE = YES;
				CLANG_WARN_UNGUARDED_AVAILABILITY = YES_AGGRESSIVE;
				CLANG_WARN_UNREACHABLE_CODE = YES;
				CLANG_WARN__DUPLICATE_METHOD_MATCH = YES;
				COPY_PHASE_STRIP = NO;
				DEBUG_INFORMATION_FORMAT = dwarf;
				ENABLE_STRICT_OBJC_MSGSEND = YES;
				ENABLE_TESTABILITY = YES;
				GCC_C_LANGUAGE_STANDARD = gnu11;
				GCC_DYNAMIC_NO_PIC = NO;
				GCC_NO_COMMON_BLOCKS = YES;
				GCC_OPTIMIZATION_LEVEL = 0;
				GCC_PREPROCESSOR_DEFINITIONS = (
					"DEBUG=1",
					"$(inherited)",
				);
				GCC_WARN_64_TO_32_BIT_CONVERSION = YES;
				GCC_WARN_ABOUT_RETURN_TYPE = YES_ERROR;
				GCC_WARN_UNDECLARED_SELECTOR = YES;
				GCC_WARN_UNINITIALIZED_AUTOS = YES_AGGRESSIVE;
				GCC_WARN_UNUSED_FUNCTION = YES;
				GCC_WARN_UNUSED_VARIABLE = YES;
				IPHONEOS_DEPLOYMENT_TARGET = 16.2;
				MTL_ENABLE_DEBUG_INFO = INCLUDE_SOURCE;
				MTL_FAST_MATH = YES;
				ONLY_ACTIVE_ARCH = YES;
				SDKROOT = iphoneos;
				SWIFT_ACTIVE_COMPILATION_CONDITIONS = DEBUG;
				SWIFT_OPTIMIZATION_LEVEL = "-Onone";
			};
			name = Debug;
		};
		183681C12969B44D0071305D /* Release */ = {
			isa = XCBuildConfiguration;
			buildSettings = {
				ALWAYS_SEARCH_USER_PATHS = NO;
				CLANG_ANALYZER_NONNULL = YES;
				CLANG_ANALYZER_NUMBER_OBJECT_CONVERSION = YES_AGGRESSIVE;
				CLANG_CXX_LANGUAGE_STANDARD = "gnu++20";
				CLANG_ENABLE_MODULES = YES;
				CLANG_ENABLE_OBJC_ARC = YES;
				CLANG_ENABLE_OBJC_WEAK = YES;
				CLANG_WARN_BLOCK_CAPTURE_AUTORELEASING = YES;
				CLANG_WARN_BOOL_CONVERSION = YES;
				CLANG_WARN_COMMA = YES;
				CLANG_WARN_CONSTANT_CONVERSION = YES;
				CLANG_WARN_DEPRECATED_OBJC_IMPLEMENTATIONS = YES;
				CLANG_WARN_DIRECT_OBJC_ISA_USAGE = YES_ERROR;
				CLANG_WARN_DOCUMENTATION_COMMENTS = YES;
				CLANG_WARN_EMPTY_BODY = YES;
				CLANG_WARN_ENUM_CONVERSION = YES;
				CLANG_WARN_INFINITE_RECURSION = YES;
				CLANG_WARN_INT_CONVERSION = YES;
				CLANG_WARN_NON_LITERAL_NULL_CONVERSION = YES;
				CLANG_WARN_OBJC_IMPLICIT_RETAIN_SELF = YES;
				CLANG_WARN_OBJC_LITERAL_CONVERSION = YES;
				CLANG_WARN_OBJC_ROOT_CLASS = YES_ERROR;
				CLANG_WARN_QUOTED_INCLUDE_IN_FRAMEWORK_HEADER = YES;
				CLANG_WARN_RANGE_LOOP_ANALYSIS = YES;
				CLANG_WARN_STRICT_PROTOTYPES = YES;
				CLANG_WARN_SUSPICIOUS_MOVE = YES;
				CLANG_WARN_UNGUARDED_AVAILABILITY = YES_AGGRESSIVE;
				CLANG_WARN_UNREACHABLE_CODE = YES;
				CLANG_WARN__DUPLICATE_METHOD_MATCH = YES;
				COPY_PHASE_STRIP = NO;
				DEBUG_INFORMATION_FORMAT = "dwarf-with-dsym";
				ENABLE_NS_ASSERTIONS = NO;
				ENABLE_STRICT_OBJC_MSGSEND = YES;
				GCC_C_LANGUAGE_STANDARD = gnu11;
				GCC_NO_COMMON_BLOCKS = YES;
				GCC_WARN_64_TO_32_BIT_CONVERSION = YES;
				GCC_WARN_ABOUT_RETURN_TYPE = YES_ERROR;
				GCC_WARN_UNDECLARED_SELECTOR = YES;
				GCC_WARN_UNINITIALIZED_AUTOS = YES_AGGRESSIVE;
				GCC_WARN_UNUSED_FUNCTION = YES;
				GCC_WARN_UNUSED_VARIABLE = YES;
				IPHONEOS_DEPLOYMENT_TARGET = 16.2;
				MTL_ENABLE_DEBUG_INFO = NO;
				MTL_FAST_MATH = YES;
				SDKROOT = iphoneos;
				SWIFT_COMPILATION_MODE = wholemodule;
				SWIFT_OPTIMIZATION_LEVEL = "-O";
				VALIDATE_PRODUCT = YES;
			};
			name = Release;
		};
		183681C32969B44D0071305D /* Debug */ = {
			isa = XCBuildConfiguration;
			buildSettings = {
				ASSETCATALOG_COMPILER_APPICON_NAME = AppIcon;
				ASSETCATALOG_COMPILER_GLOBAL_ACCENT_COLOR_NAME = AccentColor;
				CODE_SIGN_STYLE = Automatic;
				CURRENT_PROJECT_VERSION = 1;
				GENERATE_INFOPLIST_FILE = YES;
				INFOPLIST_FILE = AndroidVersionApp/Info.plist;
				INFOPLIST_KEY_UIApplicationSupportsIndirectInputEvents = YES;
				INFOPLIST_KEY_UILaunchStoryboardName = LaunchScreen;
				INFOPLIST_KEY_UISupportedInterfaceOrientations = UIInterfaceOrientationPortrait;
				INFOPLIST_KEY_UISupportedInterfaceOrientations_iPad = "UIInterfaceOrientationLandscapeLeft UIInterfaceOrientationLandscapeRight UIInterfaceOrientationPortrait UIInterfaceOrientationPortraitUpsideDown";
				LD_RUNPATH_SEARCH_PATHS = (
					"$(inherited)",
					"@executable_path/Frameworks",
				);
				MARKETING_VERSION = 1.0;
				PRODUCT_BUNDLE_IDENTIFIER = com.codetron.AndroidVersionApp;
				PRODUCT_NAME = "$(TARGET_NAME)";
				SWIFT_EMIT_LOC_STRINGS = YES;
				SWIFT_VERSION = 5.0;
				TARGETED_DEVICE_FAMILY = "1,2";
			};
			name = Debug;
		};
		183681C42969B44D0071305D /* Release */ = {
			isa = XCBuildConfiguration;
			buildSettings = {
				ASSETCATALOG_COMPILER_APPICON_NAME = AppIcon;
				ASSETCATALOG_COMPILER_GLOBAL_ACCENT_COLOR_NAME = AccentColor;
				CODE_SIGN_STYLE = Automatic;
				CURRENT_PROJECT_VERSION = 1;
				GENERATE_INFOPLIST_FILE = YES;
				INFOPLIST_FILE = AndroidVersionApp/Info.plist;
				INFOPLIST_KEY_UIApplicationSupportsIndirectInputEvents = YES;
				INFOPLIST_KEY_UILaunchStoryboardName = LaunchScreen;
				INFOPLIST_KEY_UISupportedInterfaceOrientations = UIInterfaceOrientationPortrait;
				INFOPLIST_KEY_UISupportedInterfaceOrientations_iPad = "UIInterfaceOrientationLandscapeLeft UIInterfaceOrientationLandscapeRight UIInterfaceOrientationPortrait UIInterfaceOrientationPortraitUpsideDown";
				LD_RUNPATH_SEARCH_PATHS = (
					"$(inherited)",
					"@executable_path/Frameworks",
				);
				MARKETING_VERSION = 1.0;
				PRODUCT_BUNDLE_IDENTIFIER = com.codetron.AndroidVersionApp;
				PRODUCT_NAME = "$(TARGET_NAME)";
				SWIFT_EMIT_LOC_STRINGS = YES;
				SWIFT_VERSION = 5.0;
				TARGETED_DEVICE_FAMILY = "1,2";
			};
			name = Release;
		};
/* End XCBuildConfiguration section */

/* Begin XCConfigurationList section */
		183681A92969B44C0071305D /* Build configuration list for PBXProject "AndroidVersionApp" */ = {
			isa = XCConfigurationList;
			buildConfigurations = (
				183681C02969B44D0071305D /* Debug */,
				183681C12969B44D0071305D /* Release */,
			);
			defaultConfigurationIsVisible = 0;
			defaultConfigurationName = Release;
		};
		183681C22969B44D0071305D /* Build configuration list for PBXNativeTarget "AndroidVersionApp" */ = {
			isa = XCConfigurationList;
			buildConfigurations = (
				183681C32969B44D0071305D /* Debug */,
				183681C42969B44D0071305D /* Release */,
			);
			defaultConfigurationIsVisible = 0;
			defaultConfigurationName = Release;
		};
/* End XCConfigurationList section */
	};
	rootObject = 183681A62969B44C0071305D /* Project object */;
}
